PODS:
  - RNGL (2.42.1)

DEPENDENCIES:
  - RNGL (from `../node_modules/gl-react-native`)

EXTERNAL SOURCES:
  RNGL:
    :path: ../node_modules/gl-react-native

SPEC CHECKSUMS:
  RNGL: dcf1a4216b37bd2274d9866f5204cea564765117

PODFILE CHECKSUM: 9d67364da74a4c6a367ac5cffd38ab81a721121b

COCOAPODS: 1.2.1
